Microsoft Visual Studio Solution File, Format Version 12.00
# Visual Studio Version 17
VisualStudioVersion = 17.5.2.0
MinimumVisualStudioVersion = 10.0.40219.1
Project("{FAE04EC0-301F-11D3-BF4B-00C04F79EFBC}") = "gravitySim", "gravitySim\gravitySim.csproj", "{78604612-A46F-EA38-4166-D6A97DFA092E}"
EndProject
Global
	GlobalSection(SolutionConfigurationPlatforms) = preSolution
		Debug|Any CPU = Debug|Any CPU
		Release|Any CPU = Release|Any CPU
	EndGlobalSection
	GlobalSection(ProjectConfigurationPlatforms) = postSolution
		{78604612-A46F-EA38-4166-D6A97DFA092E}.Debug|Any CPU.ActiveCfg = Debug|Any CPU
		{78604612-A46F-EA38-4166-D6A97DFA092E}.Debug|Any CPU.Build.0 = Debug|Any CPU
		{78604612-A46F-EA38-4166-D6A97DFA092E}.Release|Any CPU.ActiveCfg = Release|Any CPU
		{78604612-A46F-EA38-4166-D6A97DFA092E}.Release|Any CPU.Build.0 = Release|Any CPU
	EndGlobalSection
	GlobalSection(SolutionProperties) = preSolution
		HideSolutionNode = FALSE
	EndGlobalSection
	GlobalSection(ExtensibilityGlobals) = postSolution
		SolutionGuid = {A082D925-F400-4698-B329-35AD60F02D0C}
	EndGlobalSection
EndGlobal
